
Microsoft Visual Studio Solution File, Format Version 12.00
# Visual Studio Version 16
VisualStudioVersion = 16.0.31624.102
MinimumVisualStudioVersion = 10.0.40219.1
Project("{FAE04EC0-301F-11D3-BF4B-00C04F79EFBC}") = "Movies", "Movies\Movies.csproj", "{0E53BE62-69D5-4E62-BBB5-1E1C3024FBB9}"
EndProject
Global
	GlobalSection(SolutionConfigurationPlatforms) = preSolution
		Debug|Any CPU = Debug|Any CPU
		Release|Any CPU = Release|Any CPU
	EndGlobalSection
	GlobalSection(ProjectConfigurationPlatforms) = postSolution
		{0E53BE62-69D5-4E62-BBB5-1E1C3024FBB9}.Debug|Any CPU.ActiveCfg = Debug|Any CPU
		{0E53BE62-69D5-4E62-BBB5-1E1C3024FBB9}.Debug|Any CPU.Build.0 = Debug|Any CPU
		{0E53BE62-69D5-4E62-BBB5-1E1C3024FBB9}.Release|Any CPU.ActiveCfg = Release|Any CPU
		{0E53BE62-69D5-4E62-BBB5-1E1C3024FBB9}.Release|Any CPU.Build.0 = Release|Any CPU
	EndGlobalSection
	GlobalSection(SolutionProperties) = preSolution
		HideSolutionNode = FALSE
	EndGlobalSection
	GlobalSection(ExtensibilityGlobals) = postSolution
		SolutionGuid = {19597299-1F03-49CF-960C-F9BA987DA7AD}
	EndGlobalSection
EndGlobal
